
Microsoft Visual Studio Solution File, Format Version 12.00
Project("{FAE04EC0-301F-11D3-BF4B-00C04F79EFBC}") = "WorkoutBackend.Core", "WorkoutBackend.Core\WorkoutBackend.Core.csproj", "{9079DA46-8944-4729-BB99-6BEC7A904AED}"
EndProject
Project("{FAE04EC0-301F-11D3-BF4B-00C04F79EFBC}") = "WorkoutBackend.Core.Entities", "WorkoutBackend.Core.Entities\WorkoutBackend.Core.Entities.csproj", "{5FF4762D-3C52-4BFD-9520-221E154F707E}"
EndProject
Project("{FAE04EC0-301F-11D3-BF4B-00C04F79EFBC}") = "WorkoutBackend.UI.API", "WorkoutBackend.UI.API\WorkoutBackend.UI.API.csproj", "{6D68AF80-3AB4-45DF-8F92-3D7C58440FFF}"
EndProject
Project("{FAE04EC0-301F-11D3-BF4B-00C04F79EFBC}") = "WorkoutBackend.Infrastructure.Data", "WorkoutBackend.Infrastructure.Data\WorkoutBackend.Infrastructure.Data.csproj", "{5ED8842D-633B-4FB7-A649-92002F3C4DA3}"
EndProject
Project("{2150E333-8FDC-42A3-9474-1A3956D46DE8}") = "UI", "UI", "{F138E32C-0E6E-40C6-84A2-45A6CFCA38E4}"
EndProject
Project("{2150E333-8FDC-42A3-9474-1A3956D46DE8}") = "Core", "Core", "{F928F2C5-1772-4E93-A7A8-1965BC9F8CEC}"
EndProject
Project("{2150E333-8FDC-42A3-9474-1A3956D46DE8}") = "Infrastructure", "Infrastructure", "{300B5DAD-E4AA-4F64-AA77-5EF7AE683223}"
EndProject
Global
	GlobalSection(SolutionConfigurationPlatforms) = preSolution
		Debug|Any CPU = Debug|Any CPU
		Release|Any CPU = Release|Any CPU
	EndGlobalSection
	GlobalSection(ProjectConfigurationPlatforms) = postSolution
		{9079DA46-8944-4729-BB99-6BEC7A904AED}.Debug|Any CPU.ActiveCfg = Debug|Any CPU
		{9079DA46-8944-4729-BB99-6BEC7A904AED}.Debug|Any CPU.Build.0 = Debug|Any CPU
		{9079DA46-8944-4729-BB99-6BEC7A904AED}.Release|Any CPU.ActiveCfg = Release|Any CPU
		{9079DA46-8944-4729-BB99-6BEC7A904AED}.Release|Any CPU.Build.0 = Release|Any CPU
		{5FF4762D-3C52-4BFD-9520-221E154F707E}.Debug|Any CPU.ActiveCfg = Debug|Any CPU
		{5FF4762D-3C52-4BFD-9520-221E154F707E}.Debug|Any CPU.Build.0 = Debug|Any CPU
		{5FF4762D-3C52-4BFD-9520-221E154F707E}.Release|Any CPU.ActiveCfg = Release|Any CPU
		{5FF4762D-3C52-4BFD-9520-221E154F707E}.Release|Any CPU.Build.0 = Release|Any CPU
		{6D68AF80-3AB4-45DF-8F92-3D7C58440FFF}.Debug|Any CPU.ActiveCfg = Debug|Any CPU
		{6D68AF80-3AB4-45DF-8F92-3D7C58440FFF}.Debug|Any CPU.Build.0 = Debug|Any CPU
		{6D68AF80-3AB4-45DF-8F92-3D7C58440FFF}.Release|Any CPU.ActiveCfg = Release|Any CPU
		{6D68AF80-3AB4-45DF-8F92-3D7C58440FFF}.Release|Any CPU.Build.0 = Release|Any CPU
		{5ED8842D-633B-4FB7-A649-92002F3C4DA3}.Debug|Any CPU.ActiveCfg = Debug|Any CPU
		{5ED8842D-633B-4FB7-A649-92002F3C4DA3}.Debug|Any CPU.Build.0 = Debug|Any CPU
		{5ED8842D-633B-4FB7-A649-92002F3C4DA3}.Release|Any CPU.ActiveCfg = Release|Any CPU
		{5ED8842D-633B-4FB7-A649-92002F3C4DA3}.Release|Any CPU.Build.0 = Release|Any CPU
	EndGlobalSection
	GlobalSection(NestedProjects) = preSolution
		{6D68AF80-3AB4-45DF-8F92-3D7C58440FFF} = {F138E32C-0E6E-40C6-84A2-45A6CFCA38E4}
		{9079DA46-8944-4729-BB99-6BEC7A904AED} = {F928F2C5-1772-4E93-A7A8-1965BC9F8CEC}
		{5FF4762D-3C52-4BFD-9520-221E154F707E} = {F928F2C5-1772-4E93-A7A8-1965BC9F8CEC}
		{5ED8842D-633B-4FB7-A649-92002F3C4DA3} = {300B5DAD-E4AA-4F64-AA77-5EF7AE683223}
	EndGlobalSection
EndGlobal
